
Microsoft Visual Studio Solution File, Format Version 12.00
# Visual Studio 15
VisualStudioVersion = 15.0.27428.2002
MinimumVisualStudioVersion = 10.0.40219.1
Project("{FAE04EC0-301F-11D3-BF4B-00C04F79EFBC}") = "FcnpParser", "FcnpParser\FcnpParser.csproj", "{88E1A0F6-004F-42EB-BD6C-7EA39CC1DBA4}"
EndProject
Global
	GlobalSection(SolutionConfigurationPlatforms) = preSolution
		Debug|Any CPU = Debug|Any CPU
		Release|Any CPU = Release|Any CPU
	EndGlobalSection
	GlobalSection(ProjectConfigurationPlatforms) = postSolution
		{88E1A0F6-004F-42EB-BD6C-7EA39CC1DBA4}.Debug|Any CPU.ActiveCfg = Debug|Any CPU
		{88E1A0F6-004F-42EB-BD6C-7EA39CC1DBA4}.Debug|Any CPU.Build.0 = Debug|Any CPU
		{88E1A0F6-004F-42EB-BD6C-7EA39CC1DBA4}.Release|Any CPU.ActiveCfg = Release|Any CPU
		{88E1A0F6-004F-42EB-BD6C-7EA39CC1DBA4}.Release|Any CPU.Build.0 = Release|Any CPU
	EndGlobalSection
	GlobalSection(SolutionProperties) = preSolution
		HideSolutionNode = FALSE
	EndGlobalSection
	GlobalSection(ExtensibilityGlobals) = postSolution
		SolutionGuid = {6115E5FD-F2FC-41D3-8EC1-00F300783912}
	EndGlobalSection
EndGlobal
